
Microsoft Visual Studio Solution File, Format Version 12.00
# Visual Studio 15
VisualStudioVersion = 15.0.27703.2018
MinimumVisualStudioVersion = 10.0.40219.1
Project("{FAE04EC0-301F-11D3-BF4B-00C04F79EFBC}") = "WindowsFormsApp1", "WindowsFormsApp1\WindowsFormsApp1.csproj", "{3D308BA6-917F-42FE-B87F-FA435E4B8826}"
EndProject
Global
	GlobalSection(SolutionConfigurationPlatforms) = preSolution
		Debug|Any CPU = Debug|Any CPU
		Release|Any CPU = Release|Any CPU
	EndGlobalSection
	GlobalSection(ProjectConfigurationPlatforms) = postSolution
		{3D308BA6-917F-42FE-B87F-FA435E4B8826}.Debug|Any CPU.ActiveCfg = Debug|Any CPU
		{3D308BA6-917F-42FE-B87F-FA435E4B8826}.Debug|Any CPU.Build.0 = Debug|Any CPU
		{3D308BA6-917F-42FE-B87F-FA435E4B8826}.Release|Any CPU.ActiveCfg = Release|Any CPU
		{3D308BA6-917F-42FE-B87F-FA435E4B8826}.Release|Any CPU.Build.0 = Release|Any CPU
	EndGlobalSection
	GlobalSection(SolutionProperties) = preSolution
		HideSolutionNode = FALSE
	EndGlobalSection
	GlobalSection(ExtensibilityGlobals) = postSolution
		SolutionGuid = {44BD9F6E-E6E9-4FBA-A7C7-F0C7475A82A0}
	EndGlobalSection
EndGlobal
